{
    "name": "my-own-react",
    "lockfileVersion": 3,
    "requires": true,
    "packages": {
        "": {
            "workspaces": [
                "packages/*"
            ]
        },
        "node_modules/my-own-react": {
            "resolved": "packages/my-own-react",
            "link": true
        },
        "node_modules/my-own-react-dom": {
            "resolved": "packages/my-own-react-dom",
            "link": true
        },
        "node_modules/shared": {
            "resolved": "packages/shared",
            "link": true
        },
        "packages/my-own-react": {
            "version": "19.0.0",
            "license": "MIT"
        },
        "packages/my-own-react-dom": {
            "version": "1.0.0",
            "license": "MIT"
        },
        "packages/shared": {
            "version": "0.0.0"
        }
    }
}
